// !$*UTF8*$!
{
	archiveVersion = 1;
	classes = {
	};
	objectVersion = 46;
	objects = {

/* Begin PBXBuildFile section */
		1768ADE716A8396F00009763 /* CellViewController.m in Sources */ = {isa = PBXBuildFile; fileRef = 1768ADE616A8396F00009763 /* CellViewController.m */; };
		176AE4C916A921E200BF523E /* StartToBuildViewController.m in Sources */ = {isa = PBXBuildFile; fileRef = 176AE4C816A921E200BF523E /* StartToBuildViewController.m */; };
		177EC56D16A304DF00D7FE62 /* Y4ImageView.m in Sources */ = {isa = PBXBuildFile; fileRef = 177EC56C16A304DF00D7FE62 /* Y4ImageView.m */; };
		177EC57616A3A49E00D7FE62 /* cella-cliccata.png in Resources */ = {isa = PBXBuildFile; fileRef = 177EC57516A3A49E00D7FE62 /* cella-cliccata.png */; };
		179DEA5516A1EBB800C1AAA7 /* MainViewController.m in Sources */ = {isa = PBXBuildFile; fileRef = 179DEA5416A1EBB800C1AAA7 /* MainViewController.m */; };
		179DEA5916A1F32F00C1AAA7 /* cella.png in Resources */ = {isa = PBXBuildFile; fileRef = 179DEA5816A1F32F00C1AAA7 /* cella.png */; };
		17A2C2421686CD370078D4C6 /* UIKit.framework in Frameworks */ = {isa = PBXBuildFile; fileRef = 17A2C2411686CD370078D4C6 /* UIKit.framework */; };
		17A2C2441686CD370078D4C6 /* Foundation.framework in Frameworks */ = {isa = PBXBuildFile; fileRef = 17A2C2431686CD370078D4C6 /* Foundation.framework */; };
		17A2C2461686CD370078D4C6 /* CoreGraphics.framework in Frameworks */ = {isa = PBXBuildFile; fileRef = 17A2C2451686CD370078D4C6 /* CoreGraphics.framework */; };
		17A2C24C1686CD370078D4C6 /* InfoPlist.strings in Resources */ = {isa = PBXBuildFile; fileRef = 17A2C24A1686CD370078D4C6 /* InfoPlist.strings */; };
		17A2C24E1686CD370078D4C6 /* main.m in Sources */ = {isa = PBXBuildFile; fileRef = 17A2C24D1686CD370078D4C6 /* main.m */; };
		17A2C2521686CD370078D4C6 /* Y4AppDelegate.m in Sources */ = {isa = PBXBuildFile; fileRef = 17A2C2511686CD370078D4C6 /* Y4AppDelegate.m */; };
		17A2C2541686CD370078D4C6 /* Default.png in Resources */ = {isa = PBXBuildFile; fileRef = 17A2C2531686CD370078D4C6 /* Default.png */; };
		17A2C2561686CD370078D4C6 /* Default@2x.png in Resources */ = {isa = PBXBuildFile; fileRef = 17A2C2551686CD370078D4C6 /* Default@2x.png */; };
		17A2C2581686CD370078D4C6 /* Default-568h@2x.png in Resources */ = {isa = PBXBuildFile; fileRef = 17A2C2571686CD370078D4C6 /* Default-568h@2x.png */; };
		17A2C2601686CD370078D4C6 /* SenTestingKit.framework in Frameworks */ = {isa = PBXBuildFile; fileRef = 17A2C25F1686CD370078D4C6 /* SenTestingKit.framework */; };
		17A2C2611686CD370078D4C6 /* UIKit.framework in Frameworks */ = {isa = PBXBuildFile; fileRef = 17A2C2411686CD370078D4C6 /* UIKit.framework */; };
		17A2C2621686CD370078D4C6 /* Foundation.framework in Frameworks */ = {isa = PBXBuildFile; fileRef = 17A2C2431686CD370078D4C6 /* Foundation.framework */; };
		17A2C26A1686CD370078D4C6 /* InfoPlist.strings in Resources */ = {isa = PBXBuildFile; fileRef = 17A2C2681686CD370078D4C6 /* InfoPlist.strings */; };
		17A2C26D1686CD380078D4C6 /* Yagolands4Tests.m in Sources */ = {isa = PBXBuildFile; fileRef = 17A2C26C1686CD380078D4C6 /* Yagolands4Tests.m */; };
		17A2C2781686CD910078D4C6 /* Y4Coordinata.m in Sources */ = {isa = PBXBuildFile; fileRef = 17A2C2771686CD910078D4C6 /* Y4Coordinata.m */; };
		17EE6A2C16B690DF00A75B8E /* centro_del_villaggio.png in Resources */ = {isa = PBXBuildFile; fileRef = 17EE6A2B16B690DF00A75B8E /* centro_del_villaggio.png */; };
/* End PBXBuildFile section */

/* Begin PBXContainerItemProxy section */
		17A2C2631686CD370078D4C6 /* PBXContainerItemProxy */ = {
			isa = PBXContainerItemProxy;
			containerPortal = 17A2C2341686CD370078D4C6 /* Project object */;
			proxyType = 1;
			remoteGlobalIDString = 17A2C23C1686CD370078D4C6;
			remoteInfo = Yagolands4;
		};
/* End PBXContainerItemProxy section */

/* Begin PBXFileReference section */
		1768ADE516A8396F00009763 /* CellViewController.h */ = {isa = PBXFileReference; fileEncoding = 4; lastKnownFileType = sourcecode.c.h; name = CellViewController.h; path = ViewControllers/CellViewController.h; sourceTree = "<group>"; };
		1768ADE616A8396F00009763 /* CellViewController.m */ = {isa = PBXFileReference; fileEncoding = 4; lastKnownFileType = sourcecode.c.objc; name = CellViewController.m; path = ViewControllers/CellViewController.m; sourceTree = "<group>"; };
		176AE4C716A921E200BF523E /* StartToBuildViewController.h */ = {isa = PBXFileReference; fileEncoding = 4; lastKnownFileType = sourcecode.c.h; path = StartToBuildViewController.h; sourceTree = "<group>"; };
		176AE4C816A921E200BF523E /* StartToBuildViewController.m */ = {isa = PBXFileReference; fileEncoding = 4; lastKnownFileType = sourcecode.c.objc; path = StartToBuildViewController.m; sourceTree = "<group>"; };
		177EC56B16A304DF00D7FE62 /* Y4ImageView.h */ = {isa = PBXFileReference; fileEncoding = 4; lastKnownFileType = sourcecode.c.h; path = Y4ImageView.h; sourceTree = "<group>"; };
		177EC56C16A304DF00D7FE62 /* Y4ImageView.m */ = {isa = PBXFileReference; fileEncoding = 4; lastKnownFileType = sourcecode.c.objc; path = Y4ImageView.m; sourceTree = "<group>"; };
		177EC57516A3A49E00D7FE62 /* cella-cliccata.png */ = {isa = PBXFileReference; lastKnownFileType = image.png; path = "cella-cliccata.png"; sourceTree = "<group>"; };
		179DEA5316A1EBB800C1AAA7 /* MainViewController.h */ = {isa = PBXFileReference; fileEncoding = 4; lastKnownFileType = sourcecode.c.h; name = MainViewController.h; path = ViewControllers/MainViewController.h; sourceTree = "<group>"; };
		179DEA5416A1EBB800C1AAA7 /* MainViewController.m */ = {isa = PBXFileReference; fileEncoding = 4; lastKnownFileType = sourcecode.c.objc; name = MainViewController.m; path = ViewControllers/MainViewController.m; sourceTree = "<group>"; };
		179DEA5816A1F32F00C1AAA7 /* cella.png */ = {isa = PBXFileReference; lastKnownFileType = image.png; path = cella.png; sourceTree = "<group>"; };
		17A2C23D1686CD370078D4C6 /* Yagolands4.app */ = {isa = PBXFileReference; explicitFileType = wrapper.application; includeInIndex = 0; path = Yagolands4.app; sourceTree = BUILT_PRODUCTS_DIR; };
		17A2C2411686CD370078D4C6 /* UIKit.framework */ = {isa = PBXFileReference; lastKnownFileType = wrapper.framework; name = UIKit.framework; path = System/Library/Frameworks/UIKit.framework; sourceTree = SDKROOT; };
		17A2C2431686CD370078D4C6 /* Foundation.framework */ = {isa = PBXFileReference; lastKnownFileType = wrapper.framework; name = Foundation.framework; path = System/Library/Frameworks/Foundation.framework; sourceTree = SDKROOT; };
		17A2C2451686CD370078D4C6 /* CoreGraphics.framework */ = {isa = PBXFileReference; lastKnownFileType = wrapper.framework; name = CoreGraphics.framework; path = System/Library/Frameworks/CoreGraphics.framework; sourceTree = SDKROOT; };
		17A2C2491686CD370078D4C6 /* Yagolands4-Info.plist */ = {isa = PBXFileReference; lastKnownFileType = text.plist.xml; path = "Yagolands4-Info.plist"; sourceTree = "<group>"; };
		17A2C24B1686CD370078D4C6 /* en */ = {isa = PBXFileReference; lastKnownFileType = text.plist.strings; name = en; path = en.lproj/InfoPlist.strings; sourceTree = "<group>"; };
		17A2C24D1686CD370078D4C6 /* main.m */ = {isa = PBXFileReference; lastKnownFileType = sourcecode.c.objc; path = main.m; sourceTree = "<group>"; };
		17A2C24F1686CD370078D4C6 /* Yagolands4-Prefix.pch */ = {isa = PBXFileReference; lastKnownFileType = sourcecode.c.h; path = "Yagolands4-Prefix.pch"; sourceTree = "<group>"; };
		17A2C2501686CD370078D4C6 /* Y4AppDelegate.h */ = {isa = PBXFileReference; lastKnownFileType = sourcecode.c.h; path = Y4AppDelegate.h; sourceTree = "<group>"; };
		17A2C2511686CD370078D4C6 /* Y4AppDelegate.m */ = {isa = PBXFileReference; lastKnownFileType = sourcecode.c.objc; path = Y4AppDelegate.m; sourceTree = "<group>"; };
		17A2C2531686CD370078D4C6 /* Default.png */ = {isa = PBXFileReference; lastKnownFileType = image.png; path = Default.png; sourceTree = "<group>"; };
		17A2C2551686CD370078D4C6 /* Default@2x.png */ = {isa = PBXFileReference; lastKnownFileType = image.png; path = "Default@2x.png"; sourceTree = "<group>"; };
		17A2C2571686CD370078D4C6 /* Default-568h@2x.png */ = {isa = PBXFileReference; lastKnownFileType = image.png; path = "Default-568h@2x.png"; sourceTree = "<group>"; };
		17A2C25E1686CD370078D4C6 /* Yagolands4Tests.octest */ = {isa = PBXFileReference; explicitFileType = wrapper.cfbundle; includeInIndex = 0; path = Yagolands4Tests.octest; sourceTree = BUILT_PRODUCTS_DIR; };
		17A2C25F1686CD370078D4C6 /* SenTestingKit.framework */ = {isa = PBXFileReference; lastKnownFileType = wrapper.framework; name = SenTestingKit.framework; path = Library/Frameworks/SenTestingKit.framework; sourceTree = DEVELOPER_DIR; };
		17A2C2671686CD370078D4C6 /* Yagolands4Tests-Info.plist */ = {isa = PBXFileReference; lastKnownFileType = text.plist.xml; path = "Yagolands4Tests-Info.plist"; sourceTree = "<group>"; };
		17A2C2691686CD370078D4C6 /* en */ = {isa = PBXFileReference; lastKnownFileType = text.plist.strings; name = en; path = en.lproj/InfoPlist.strings; sourceTree = "<group>"; };
		17A2C26B1686CD380078D4C6 /* Yagolands4Tests.h */ = {isa = PBXFileReference; lastKnownFileType = sourcecode.c.h; path = Yagolands4Tests.h; sourceTree = "<group>"; };
		17A2C26C1686CD380078D4C6 /* Yagolands4Tests.m */ = {isa = PBXFileReference; lastKnownFileType = sourcecode.c.objc; path = Yagolands4Tests.m; sourceTree = "<group>"; };
		17A2C2761686CD910078D4C6 /* Y4Coordinata.h */ = {isa = PBXFileReference; fileEncoding = 4; lastKnownFileType = sourcecode.c.h; name = Y4Coordinata.h; path = Yagolands4/Y4Coordinata.h; sourceTree = "<group>"; };
		17A2C2771686CD910078D4C6 /* Y4Coordinata.m */ = {isa = PBXFileReference; fileEncoding = 4; lastKnownFileType = sourcecode.c.objc; name = Y4Coordinata.m; path = Yagolands4/Y4Coordinata.m; sourceTree = "<group>"; };
		17EE6A2B16B690DF00A75B8E /* centro_del_villaggio.png */ = {isa = PBXFileReference; lastKnownFileType = image.png; path = centro_del_villaggio.png; sourceTree = "<group>"; };
/* End PBXFileReference section */

/* Begin PBXFrameworksBuildPhase section */
		17A2C23A1686CD370078D4C6 /* Frameworks */ = {
			isa = PBXFrameworksBuildPhase;
			buildActionMask = 2147483647;
			files = (
				17A2C2421686CD370078D4C6 /* UIKit.framework in Frameworks */,
				17A2C2441686CD370078D4C6 /* Foundation.framework in Frameworks */,
				17A2C2461686CD370078D4C6 /* CoreGraphics.framework in Frameworks */,
			);
			runOnlyForDeploymentPostprocessing = 0;
		};
		17A2C25A1686CD370078D4C6 /* Frameworks */ = {
			isa = PBXFrameworksBuildPhase;
			buildActionMask = 2147483647;
			files = (
				17A2C2601686CD370078D4C6 /* SenTestingKit.framework in Frameworks */,
				17A2C2611686CD370078D4C6 /* UIKit.framework in Frameworks */,
				17A2C2621686CD370078D4C6 /* Foundation.framework in Frameworks */,
			);
			runOnlyForDeploymentPostprocessing = 0;
		};
/* End PBXFrameworksBuildPhase section */

/* Begin PBXGroup section */
		177EC57816A3B7B100D7FE62 /* CustomComponents */ = {
			isa = PBXGroup;
			children = (
				177EC56B16A304DF00D7FE62 /* Y4ImageView.h */,
				177EC56C16A304DF00D7FE62 /* Y4ImageView.m */,
			);
			name = CustomComponents;
			sourceTree = "<group>";
		};
		177EC57916A3B80C00D7FE62 /* Delegate */ = {
			isa = PBXGroup;
			children = (
				17A2C2501686CD370078D4C6 /* Y4AppDelegate.h */,
				17A2C2511686CD370078D4C6 /* Y4AppDelegate.m */,
			);
			name = Delegate;
			sourceTree = "<group>";
		};
		179DEA5716A1EBC700C1AAA7 /* ViewControllers */ = {
			isa = PBXGroup;
			children = (
				179DEA5316A1EBB800C1AAA7 /* MainViewController.h */,
				179DEA5416A1EBB800C1AAA7 /* MainViewController.m */,
				1768ADE516A8396F00009763 /* CellViewController.h */,
				1768ADE616A8396F00009763 /* CellViewController.m */,
				176AE4C716A921E200BF523E /* StartToBuildViewController.h */,
				176AE4C816A921E200BF523E /* StartToBuildViewController.m */,
			);
			name = ViewControllers;
			sourceTree = "<group>";
		};
		179DEA5A16A1F33700C1AAA7 /* Images */ = {
			isa = PBXGroup;
			children = (
				177EC57516A3A49E00D7FE62 /* cella-cliccata.png */,
				17EE6A2B16B690DF00A75B8E /* centro_del_villaggio.png */,
				179DEA5816A1F32F00C1AAA7 /* cella.png */,
			);
			name = Images;
			sourceTree = "<group>";
		};
		17A2C2321686CD370078D4C6 = {
			isa = PBXGroup;
			children = (
				17A2C2471686CD370078D4C6 /* Yagolands4 */,
				17A2C2651686CD370078D4C6 /* Yagolands4Tests */,
				17A2C2401686CD370078D4C6 /* Frameworks */,
				17A2C23E1686CD370078D4C6 /* Products */,
			);
			sourceTree = "<group>";
		};
		17A2C23E1686CD370078D4C6 /* Products */ = {
			isa = PBXGroup;
			children = (
				17A2C23D1686CD370078D4C6 /* Yagolands4.app */,
				17A2C25E1686CD370078D4C6 /* Yagolands4Tests.octest */,
			);
			name = Products;
			sourceTree = "<group>";
		};
		17A2C2401686CD370078D4C6 /* Frameworks */ = {
			isa = PBXGroup;
			children = (
				17A2C2411686CD370078D4C6 /* UIKit.framework */,
				17A2C2431686CD370078D4C6 /* Foundation.framework */,
				17A2C2451686CD370078D4C6 /* CoreGraphics.framework */,
				17A2C25F1686CD370078D4C6 /* SenTestingKit.framework */,
			);
			name = Frameworks;
			sourceTree = "<group>";
		};
		17A2C2471686CD370078D4C6 /* Yagolands4 */ = {
			isa = PBXGroup;
			children = (
				177EC57816A3B7B100D7FE62 /* CustomComponents */,
				17A2C2791686CD9E0078D4C6 /* Components */,
				179DEA5A16A1F33700C1AAA7 /* Images */,
				179DEA5716A1EBC700C1AAA7 /* ViewControllers */,
				17A2C2481686CD370078D4C6 /* Supporting Files */,
				177EC57916A3B80C00D7FE62 /* Delegate */,
			);
			path = Yagolands4;
			sourceTree = "<group>";
		};
		17A2C2481686CD370078D4C6 /* Supporting Files */ = {
			isa = PBXGroup;
			children = (
				17A2C2491686CD370078D4C6 /* Yagolands4-Info.plist */,
				17A2C24A1686CD370078D4C6 /* InfoPlist.strings */,
				17A2C24D1686CD370078D4C6 /* main.m */,
				17A2C24F1686CD370078D4C6 /* Yagolands4-Prefix.pch */,
				17A2C2531686CD370078D4C6 /* Default.png */,
				17A2C2551686CD370078D4C6 /* Default@2x.png */,
				17A2C2571686CD370078D4C6 /* Default-568h@2x.png */,
			);
			name = "Supporting Files";
			sourceTree = "<group>";
		};
		17A2C2651686CD370078D4C6 /* Yagolands4Tests */ = {
			isa = PBXGroup;
			children = (
				17A2C26B1686CD380078D4C6 /* Yagolands4Tests.h */,
				17A2C26C1686CD380078D4C6 /* Yagolands4Tests.m */,
				17A2C2661686CD370078D4C6 /* Supporting Files */,
			);
			path = Yagolands4Tests;
			sourceTree = "<group>";
		};
		17A2C2661686CD370078D4C6 /* Supporting Files */ = {
			isa = PBXGroup;
			children = (
				17A2C2671686CD370078D4C6 /* Yagolands4Tests-Info.plist */,
				17A2C2681686CD370078D4C6 /* InfoPlist.strings */,
			);
			name = "Supporting Files";
			sourceTree = "<group>";
		};
		17A2C2791686CD9E0078D4C6 /* Components */ = {
			isa = PBXGroup;
			children = (
				17A2C2761686CD910078D4C6 /* Y4Coordinata.h */,
				17A2C2771686CD910078D4C6 /* Y4Coordinata.m */,
			);
			name = Components;
			path = ..;
			sourceTree = "<group>";
		};
/* End PBXGroup section */

/* Begin PBXNativeTarget section */
		17A2C23C1686CD370078D4C6 /* Yagolands4 */ = {
			isa = PBXNativeTarget;
			buildConfigurationList = 17A2C2701686CD380078D4C6 /* Build configuration list for PBXNativeTarget "Yagolands4" */;
			buildPhases = (
				17A2C2391686CD370078D4C6 /* Sources */,
				17A2C23A1686CD370078D4C6 /* Frameworks */,
				17A2C23B1686CD370078D4C6 /* Resources */,
			);
			buildRules = (
			);
			dependencies = (
			);
			name = Yagolands4;
			productName = Yagolands4;
			productReference = 17A2C23D1686CD370078D4C6 /* Yagolands4.app */;
			productType = "com.apple.product-type.application";
		};
		17A2C25D1686CD370078D4C6 /* Yagolands4Tests */ = {
			isa = PBXNativeTarget;
			buildConfigurationList = 17A2C2731686CD380078D4C6 /* Build configuration list for PBXNativeTarget "Yagolands4Tests" */;
			buildPhases = (
				17A2C2591686CD370078D4C6 /* Sources */,
				17A2C25A1686CD370078D4C6 /* Frameworks */,
				17A2C25B1686CD370078D4C6 /* Resources */,
				17A2C25C1686CD370078D4C6 /* ShellScript */,
			);
			buildRules = (
			);
			dependencies = (
				17A2C2641686CD370078D4C6 /* PBXTargetDependency */,
			);
			name = Yagolands4Tests;
			productName = Yagolands4Tests;
			productReference = 17A2C25E1686CD370078D4C6 /* Yagolands4Tests.octest */;
			productType = "com.apple.product-type.bundle";
		};
/* End PBXNativeTarget section */

/* Begin PBXProject section */
		17A2C2341686CD370078D4C6 /* Project object */ = {
			isa = PBXProject;
			attributes = {
				CLASSPREFIX = Y4;
				LastUpgradeCheck = 0450;
				ORGANIZATIONNAME = SENSORARIO;
			};
			buildConfigurationList = 17A2C2371686CD370078D4C6 /* Build configuration list for PBXProject "Yagolands4" */;
			compatibilityVersion = "Xcode 3.2";
			developmentRegion = English;
			hasScannedForEncodings = 0;
			knownRegions = (
				en,
			);
			mainGroup = 17A2C2321686CD370078D4C6;
			productRefGroup = 17A2C23E1686CD370078D4C6 /* Products */;
			projectDirPath = "";
			projectRoot = "";
			targets = (
				17A2C23C1686CD370078D4C6 /* Yagolands4 */,
				17A2C25D1686CD370078D4C6 /* Yagolands4Tests */,
			);
		};
/* End PBXProject section */

/* Begin PBXResourcesBuildPhase section */
		17A2C23B1686CD370078D4C6 /* Resources */ = {
			isa = PBXResourcesBuildPhase;
			buildActionMask = 2147483647;
			files = (
				17A2C24C1686CD370078D4C6 /* InfoPlist.strings in Resources */,
				17A2C2541686CD370078D4C6 /* Default.png in Resources */,
				17A2C2561686CD370078D4C6 /* Default@2x.png in Resources */,
				17A2C2581686CD370078D4C6 /* Default-568h@2x.png in Resources */,
				179DEA5916A1F32F00C1AAA7 /* cella.png in Resources */,
				177EC57616A3A49E00D7FE62 /* cella-cliccata.png in Resources */,
				17EE6A2C16B690DF00A75B8E /* centro_del_villaggio.png in Resources */,
			);
			runOnlyForDeploymentPostprocessing = 0;
		};
		17A2C25B1686CD370078D4C6 /* Resources */ = {
			isa = PBXResourcesBuildPhase;
			buildActionMask = 2147483647;
			files = (
				17A2C26A1686CD370078D4C6 /* InfoPlist.strings in Resources */,
			);
			runOnlyForDeploymentPostprocessing = 0;
		};
/* End PBXResourcesBuildPhase section */

/* Begin PBXShellScriptBuildPhase section */
		17A2C25C1686CD370078D4C6 /* ShellScript */ = {
			isa = PBXShellScriptBuildPhase;
			buildActionMask = 2147483647;
			files = (
			);
			inputPaths = (
			);
			outputPaths = (
			);
			runOnlyForDeploymentPostprocessing = 0;
			shellPath = /bin/sh;
			shellScript = "# Run the unit tests in this test bundle.\n\"${SYSTEM_DEVELOPER_DIR}/Tools/RunUnitTests\"\n";
		};
/* End PBXShellScriptBuildPhase section */

/* Begin PBXSourcesBuildPhase section */
		17A2C2391686CD370078D4C6 /* Sources */ = {
			isa = PBXSourcesBuildPhase;
			buildActionMask = 2147483647;
			files = (
				17A2C24E1686CD370078D4C6 /* main.m in Sources */,
				17A2C2521686CD370078D4C6 /* Y4AppDelegate.m in Sources */,
				17A2C2781686CD910078D4C6 /* Y4Coordinata.m in Sources */,
				179DEA5516A1EBB800C1AAA7 /* MainViewController.m in Sources */,
				177EC56D16A304DF00D7FE62 /* Y4ImageView.m in Sources */,
				1768ADE716A8396F00009763 /* CellViewController.m in Sources */,
				176AE4C916A921E200BF523E /* StartToBuildViewController.m in Sources */,
			);
			runOnlyForDeploymentPostprocessing = 0;
		};
		17A2C2591686CD370078D4C6 /* Sources */ = {
			isa = PBXSourcesBuildPhase;
			buildActionMask = 2147483647;
			files = (
				17A2C26D1686CD380078D4C6 /* Yagolands4Tests.m in Sources */,
			);
			runOnlyForDeploymentPostprocessing = 0;
		};
/* End PBXSourcesBuildPhase section */

/* Begin PBXTargetDependency section */
		17A2C2641686CD370078D4C6 /* PBXTargetDependency */ = {
			isa = PBXTargetDependency;
			target = 17A2C23C1686CD370078D4C6 /* Yagolands4 */;
			targetProxy = 17A2C2631686CD370078D4C6 /* PBXContainerItemProxy */;
		};
/* End PBXTargetDependency section */

/* Begin PBXVariantGroup section */
		17A2C24A1686CD370078D4C6 /* InfoPlist.strings */ = {
			isa = PBXVariantGroup;
			children = (
				17A2C24B1686CD370078D4C6 /* en */,
			);
			name = InfoPlist.strings;
			sourceTree = "<group>";
		};
		17A2C2681686CD370078D4C6 /* InfoPlist.strings */ = {
			isa = PBXVariantGroup;
			children = (
				17A2C2691686CD370078D4C6 /* en */,
			);
			name = InfoPlist.strings;
			sourceTree = "<group>";
		};
/* End PBXVariantGroup section */

/* Begin XCBuildConfiguration section */
		17A2C26E1686CD380078D4C6 /* Debug */ = {
			isa = XCBuildConfiguration;
			buildSettings = {
				ALWAYS_SEARCH_USER_PATHS = NO;
				CLANG_CXX_LANGUAGE_STANDARD = "gnu++0x";
				CLANG_CXX_LIBRARY = "libc++";
				CLANG_ENABLE_OBJC_ARC = YES;
				CLANG_WARN_EMPTY_BODY = YES;
				CLANG_WARN__DUPLICATE_METHOD_MATCH = YES;
				"CODE_SIGN_IDENTITY[sdk=iphoneos*]" = "iPhone Developer";
				COPY_PHASE_STRIP = NO;
				GCC_C_LANGUAGE_STANDARD = gnu99;
				GCC_DYNAMIC_NO_PIC = NO;
				GCC_OPTIMIZATION_LEVEL = 0;
				GCC_PREPROCESSOR_DEFINITIONS = (
					"DEBUG=1",
					"$(inherited)",
				);
				GCC_SYMBOLS_PRIVATE_EXTERN = NO;
				GCC_WARN_ABOUT_RETURN_TYPE = YES;
				GCC_WARN_UNINITIALIZED_AUTOS = YES;
				GCC_WARN_UNUSED_VARIABLE = YES;
				IPHONEOS_DEPLOYMENT_TARGET = 6.0;
				ONLY_ACTIVE_ARCH = YES;
				SDKROOT = iphoneos;
			};
			name = Debug;
		};
		17A2C26F1686CD380078D4C6 /* Release */ = {
			isa = XCBuildConfiguration;
			buildSettings = {
				ALWAYS_SEARCH_USER_PATHS = NO;
				CLANG_CXX_LANGUAGE_STANDARD = "gnu++0x";
				CLANG_CXX_LIBRARY = "libc++";
				CLANG_ENABLE_OBJC_ARC = YES;
				CLANG_WARN_EMPTY_BODY = YES;
				CLANG_WARN__DUPLICATE_METHOD_MATCH = YES;
				"CODE_SIGN_IDENTITY[sdk=iphoneos*]" = "iPhone Developer";
				COPY_PHASE_STRIP = YES;
				GCC_C_LANGUAGE_STANDARD = gnu99;
				GCC_WARN_ABOUT_RETURN_TYPE = YES;
				GCC_WARN_UNINITIALIZED_AUTOS = YES;
				GCC_WARN_UNUSED_VARIABLE = YES;
				IPHONEOS_DEPLOYMENT_TARGET = 6.0;
				OTHER_CFLAGS = "-DNS_BLOCK_ASSERTIONS=1";
				SDKROOT = iphoneos;
				VALIDATE_PRODUCT = YES;
			};
			name = Release;
		};
		17A2C2711686CD380078D4C6 /* Debug */ = {
			isa = XCBuildConfiguration;
			buildSettings = {
				GCC_PRECOMPILE_PREFIX_HEADER = YES;
				GCC_PREFIX_HEADER = "Yagolands4/Yagolands4-Prefix.pch";
				INFOPLIST_FILE = "Yagolands4/Yagolands4-Info.plist";
				PRODUCT_NAME = "$(TARGET_NAME)";
				WRAPPER_EXTENSION = app;
			};
			name = Debug;
		};
		17A2C2721686CD380078D4C6 /* Release */ = {
			isa = XCBuildConfiguration;
			buildSettings = {
				GCC_PRECOMPILE_PREFIX_HEADER = YES;
				GCC_PREFIX_HEADER = "Yagolands4/Yagolands4-Prefix.pch";
				INFOPLIST_FILE = "Yagolands4/Yagolands4-Info.plist";
				PRODUCT_NAME = "$(TARGET_NAME)";
				WRAPPER_EXTENSION = app;
			};
			name = Release;
		};
		17A2C2741686CD380078D4C6 /* Debug */ = {
			isa = XCBuildConfiguration;
			buildSettings = {
				BUNDLE_LOADER = "$(BUILT_PRODUCTS_DIR)/Yagolands4.app/Yagolands4";
				FRAMEWORK_SEARCH_PATHS = (
					"\"$(SDKROOT)/Developer/Library/Frameworks\"",
					"\"$(DEVELOPER_LIBRARY_DIR)/Frameworks\"",
				);
				GCC_PRECOMPILE_PREFIX_HEADER = YES;
				GCC_PREFIX_HEADER = "Yagolands4/Yagolands4-Prefix.pch";
				INFOPLIST_FILE = "Yagolands4Tests/Yagolands4Tests-Info.plist";
				PRODUCT_NAME = "$(TARGET_NAME)";
				TEST_HOST = "$(BUNDLE_LOADER)";
				WRAPPER_EXTENSION = octest;
			};
			name = Debug;
		};
		17A2C2751686CD380078D4C6 /* Release */ = {
			isa = XCBuildConfiguration;
			buildSettings = {
				BUNDLE_LOADER = "$(BUILT_PRODUCTS_DIR)/Yagolands4.app/Yagolands4";
				FRAMEWORK_SEARCH_PATHS = (
					"\"$(SDKROOT)/Developer/Library/Frameworks\"",
					"\"$(DEVELOPER_LIBRARY_DIR)/Frameworks\"",
				);
				GCC_PRECOMPILE_PREFIX_HEADER = YES;
				GCC_PREFIX_HEADER = "Yagolands4/Yagolands4-Prefix.pch";
				INFOPLIST_FILE = "Yagolands4Tests/Yagolands4Tests-Info.plist";
				PRODUCT_NAME = "$(TARGET_NAME)";
				TEST_HOST = "$(BUNDLE_LOADER)";
				WRAPPER_EXTENSION = octest;
			};
			name = Release;
		};
/* End XCBuildConfiguration section */

/* Begin XCConfigurationList section */
		17A2C2371686CD370078D4C6 /* Build configuration list for PBXProject "Yagolands4" */ = {
			isa = XCConfigurationList;
			buildConfigurations = (
				17A2C26E1686CD380078D4C6 /* Debug */,
				17A2C26F1686CD380078D4C6 /* Release */,
			);
			defaultConfigurationIsVisible = 0;
			defaultConfigurationName = Release;
		};
		17A2C2701686CD380078D4C6 /* Build configuration list for PBXNativeTarget "Yagolands4" */ = {
			isa = XCConfigurationList;
			buildConfigurations = (
				17A2C2711686CD380078D4C6 /* Debug */,
				17A2C2721686CD380078D4C6 /* Release */,
			);
			defaultConfigurationIsVisible = 0;
			defaultConfigurationName = Release;
		};
		17A2C2731686CD380078D4C6 /* Build configuration list for PBXNativeTarget "Yagolands4Tests" */ = {
			isa = XCConfigurationList;
			buildConfigurations = (
				17A2C2741686CD380078D4C6 /* Debug */,
				17A2C2751686CD380078D4C6 /* Release */,
			);
			defaultConfigurationIsVisible = 0;
			defaultConfigurationName = Release;
		};
/* End XCConfigurationList section */
	};
	rootObject = 17A2C2341686CD370078D4C6 /* Project object */;
}
